// !$*UTF8*$!
{
	archiveVersion = 1;
	classes = {
	};
	objectVersion = 50;
	objects = {

/* Begin PBXBuildFile section */
		5B67FFDD247EB2C2000F5668 /* AppDelegate.swift in Sources */ = {isa = PBXBuildFile; fileRef = 5B67FFDC247EB2C2000F5668 /* AppDelegate.swift */; };
		5B67FFDF247EB2C2000F5668 /* SceneDelegate.swift in Sources */ = {isa = PBXBuildFile; fileRef = 5B67FFDE247EB2C2000F5668 /* SceneDelegate.swift */; };
		5B67FFE1247EB2C2000F5668 /* ViewController.swift in Sources */ = {isa = PBXBuildFile; fileRef = 5B67FFE0247EB2C2000F5668 /* ViewController.swift */; };
		5B67FFE4247EB2C2000F5668 /* Main.storyboard in Resources */ = {isa = PBXBuildFile; fileRef = 5B67FFE2247EB2C2000F5668 /* Main.storyboard */; };
		5B67FFE6247EB2C8000F5668 /* Assets.xcassets in Resources */ = {isa = PBXBuildFile; fileRef = 5B67FFE5247EB2C8000F5668 /* Assets.xcassets */; };
		5B67FFE9247EB2C8000F5668 /* LaunchScreen.storyboard in Resources */ = {isa = PBXBuildFile; fileRef = 5B67FFE7247EB2C8000F5668 /* LaunchScreen.storyboard */; };
		5B67FFF2247EB373000F5668 /* ScrollHorizontalCell.swift in Sources */ = {isa = PBXBuildFile; fileRef = 5B67FFF0247EB373000F5668 /* ScrollHorizontalCell.swift */; };
		5B67FFF3247EB373000F5668 /* ScrollHorizontalCell.xib in Resources */ = {isa = PBXBuildFile; fileRef = 5B67FFF1247EB373000F5668 /* ScrollHorizontalCell.xib */; };
/* End PBXBuildFile section */

/* Begin PBXFileReference section */
		5B67FFD9247EB2C2000F5668 /* TableviewHorizontalScroll.app */ = {isa = PBXFileReference; explicitFileType = wrapper.application; includeInIndex = 0; path = TableviewHorizontalScroll.app; sourceTree = BUILT_PRODUCTS_DIR; };
		5B67FFDC247EB2C2000F5668 /* AppDelegate.swift */ = {isa = PBXFileReference; lastKnownFileType = sourcecode.swift; path = AppDelegate.swift; sourceTree = "<group>"; };
		5B67FFDE247EB2C2000F5668 /* SceneDelegate.swift */ = {isa = PBXFileReference; lastKnownFileType = sourcecode.swift; path = SceneDelegate.swift; sourceTree = "<group>"; };
		5B67FFE0247EB2C2000F5668 /* ViewController.swift */ = {isa = PBXFileReference; lastKnownFileType = sourcecode.swift; path = ViewController.swift; sourceTree = "<group>"; };
		5B67FFE3247EB2C2000F5668 /* Base */ = {isa = PBXFileReference; lastKnownFileType = file.storyboard; name = Base; path = Base.lproj/Main.storyboard; sourceTree = "<group>"; };
		5B67FFE5247EB2C8000F5668 /* Assets.xcassets */ = {isa = PBXFileReference; lastKnownFileType = folder.assetcatalog; path = Assets.xcassets; sourceTree = "<group>"; };
		5B67FFE8247EB2C8000F5668 /* Base */ = {isa = PBXFileReference; lastKnownFileType = file.storyboard; name = Base; path = Base.lproj/LaunchScreen.storyboard; sourceTree = "<group>"; };
		5B67FFEA247EB2C8000F5668 /* Info.plist */ = {isa = PBXFileReference; lastKnownFileType = text.plist.xml; path = Info.plist; sourceTree = "<group>"; };
		5B67FFF0247EB373000F5668 /* ScrollHorizontalCell.swift */ = {isa = PBXFileReference; lastKnownFileType = sourcecode.swift; path = ScrollHorizontalCell.swift; sourceTree = "<group>"; };
		5B67FFF1247EB373000F5668 /* ScrollHorizontalCell.xib */ = {isa = PBXFileReference; lastKnownFileType = file.xib; path = ScrollHorizontalCell.xib; sourceTree = "<group>"; };
/* End PBXFileReference section */

/* Begin PBXFrameworksBuildPhase section */
		5B67FFD6247EB2C2000F5668 /* Frameworks */ = {
			isa = PBXFrameworksBuildPhase;
			buildActionMask = 2147483647;
			files = (
			);
			runOnlyForDeploymentPostprocessing = 0;
		};
/* End PBXFrameworksBuildPhase section */

/* Begin PBXGroup section */
		5B67FFD0247EB2C2000F5668 = {
			isa = PBXGroup;
			children = (
				5B67FFDB247EB2C2000F5668 /* TableviewHorizontalScroll */,
				5B67FFDA247EB2C2000F5668 /* Products */,
			);
			sourceTree = "<group>";
		};
		5B67FFDA247EB2C2000F5668 /* Products */ = {
			isa = PBXGroup;
			children = (
				5B67FFD9247EB2C2000F5668 /* TableviewHorizontalScroll.app */,
			);
			name = Products;
			sourceTree = "<group>";
		};
		5B67FFDB247EB2C2000F5668 /* TableviewHorizontalScroll */ = {
			isa = PBXGroup;
			children = (
				5B67FFDC247EB2C2000F5668 /* AppDelegate.swift */,
				5B67FFDE247EB2C2000F5668 /* SceneDelegate.swift */,
				5B67FFE0247EB2C2000F5668 /* ViewController.swift */,
				5B67FFE2247EB2C2000F5668 /* Main.storyboard */,
				5B67FFE5247EB2C8000F5668 /* Assets.xcassets */,
				5B67FFE7247EB2C8000F5668 /* LaunchScreen.storyboard */,
				5B67FFEA247EB2C8000F5668 /* Info.plist */,
				5B67FFF0247EB373000F5668 /* ScrollHorizontalCell.swift */,
				5B67FFF1247EB373000F5668 /* ScrollHorizontalCell.xib */,
			);
			path = TableviewHorizontalScroll;
			sourceTree = "<group>";
		};
/* End PBXGroup section */

/* Begin PBXNativeTarget section */
		5B67FFD8247EB2C2000F5668 /* TableviewHorizontalScroll */ = {
			isa = PBXNativeTarget;
			buildConfigurationList = 5B67FFED247EB2C8000F5668 /* Build configuration list for PBXNativeTarget "TableviewHorizontalScroll" */;
			buildPhases = (
				5B67FFD5247EB2C2000F5668 /* Sources */,
				5B67FFD6247EB2C2000F5668 /* Frameworks */,
				5B67FFD7247EB2C2000F5668 /* Resources */,
			);
			buildRules = (
			);
			dependencies = (
			);
			name = TableviewHorizontalScroll;
			productName = TableviewHorizontalScroll;
			productReference = 5B67FFD9247EB2C2000F5668 /* TableviewHorizontalScroll.app */;
			productType = "com.apple.product-type.application";
		};
/* End PBXNativeTarget section */

/* Begin PBXProject section */
		5B67FFD1247EB2C2000F5668 /* Project object */ = {
			isa = PBXProject;
			attributes = {
				LastSwiftUpdateCheck = 1140;
				LastUpgradeCheck = 1140;
				ORGANIZATIONNAME = "Daniel Wijono";
				TargetAttributes = {
					5B67FFD8247EB2C2000F5668 = {
						CreatedOnToolsVersion = 11.4.1;
					};
				};
			};
			buildConfigurationList = 5B67FFD4247EB2C2000F5668 /* Build configuration list for PBXProject "TableviewHorizontalScroll" */;
			compatibilityVersion = "Xcode 9.3";
			developmentRegion = en;
			hasScannedForEncodings = 0;
			knownRegions = (
				en,
				Base,
			);
			mainGroup = 5B67FFD0247EB2C2000F5668;
			productRefGroup = 5B67FFDA247EB2C2000F5668 /* Products */;
			projectDirPath = "";
			projectRoot = "";
			targets = (
				5B67FFD8247EB2C2000F5668 /* TableviewHorizontalScroll */,
			);
		};
/* End PBXProject section */

/* Begin PBXResourcesBuildPhase section */
		5B67FFD7247EB2C2000F5668 /* Resources */ = {
			isa = PBXResourcesBuildPhase;
			buildActionMask = 2147483647;
			files = (
				5B67FFE9247EB2C8000F5668 /* LaunchScreen.storyboard in Resources */,
				5B67FFE6247EB2C8000F5668 /* Assets.xcassets in Resources */,
				5B67FFF3247EB373000F5668 /* ScrollHorizontalCell.xib in Resources */,
				5B67FFE4247EB2C2000F5668 /* Main.storyboard in Resources */,
			);
			runOnlyForDeploymentPostprocessing = 0;
		};
/* End PBXResourcesBuildPhase section */

/* Begin PBXSourcesBuildPhase section */
		5B67FFD5247EB2C2000F5668 /* Sources */ = {
			isa = PBXSourcesBuildPhase;
			buildActionMask = 2147483647;
			files = (
				5B67FFE1247EB2C2000F5668 /* ViewController.swift in Sources */,
				5B67FFDD247EB2C2000F5668 /* AppDelegate.swift in Sources */,
				5B67FFF2247EB373000F5668 /* ScrollHorizontalCell.swift in Sources */,
				5B67FFDF247EB2C2000F5668 /* SceneDelegate.swift in Sources */,
			);
			runOnlyForDeploymentPostprocessing = 0;
		};
/* End PBXSourcesBuildPhase section */

/* Begin PBXVariantGroup section */
		5B67FFE2247EB2C2000F5668 /* Main.storyboard */ = {
			isa = PBXVariantGroup;
			children = (
				5B67FFE3247EB2C2000F5668 /* Base */,
			);
			name = Main.storyboard;
			sourceTree = "<group>";
		};
		5B67FFE7247EB2C8000F5668 /* LaunchScreen.storyboard */ = {
			isa = PBXVariantGroup;
			children = (
				5B67FFE8247EB2C8000F5668 /* Base */,
			);
			name = LaunchScreen.storyboard;
			sourceTree = "<group>";
		};
/* End PBXVariantGroup section */

/* Begin XCBuildConfiguration section */
		5B67FFEB247EB2C8000F5668 /* Debug */ = {
			isa = XCBuildConfiguration;
			buildSettings = {
				ALWAYS_SEARCH_USER_PATHS = NO;
				CLANG_ANALYZER_NONNULL = YES;
				CLANG_ANALYZER_NUMBER_OBJECT_CONVERSION = YES_AGGRESSIVE;
				CLANG_CXX_LANGUAGE_STANDARD = "gnu++14";
				CLANG_CXX_LIBRARY = "libc++";
				CLANG_ENABLE_MODULES = YES;
				CLANG_ENABLE_OBJC_ARC = YES;
				CLANG_ENABLE_OBJC_WEAK = YES;
				CLANG_WARN_BLOCK_CAPTURE_AUTORELEASING = YES;
				CLANG_WARN_BOOL_CONVERSION = YES;
				CLANG_WARN_COMMA = YES;
				CLANG_WARN_CONSTANT_CONVERSION = YES;
				CLANG_WARN_DEPRECATED_OBJC_IMPLEMENTATIONS = YES;
				CLANG_WARN_DIRECT_OBJC_ISA_USAGE = YES_ERROR;
				CLANG_WARN_DOCUMENTATION_COMMENTS = YES;
				CLANG_WARN_EMPTY_BODY = YES;
				CLANG_WARN_ENUM_CONVERSION = YES;
				CLANG_WARN_INFINITE_RECURSION = YES;
				CLANG_WARN_INT_CONVERSION = YES;
				CLANG_WARN_NON_LITERAL_NULL_CONVERSION = YES;
				CLANG_WARN_OBJC_IMPLICIT_RETAIN_SELF = YES;
				CLANG_WARN_OBJC_LITERAL_CONVERSION = YES;
				CLANG_WARN_OBJC_ROOT_CLASS = YES_ERROR;
				CLANG_WARN_RANGE_LOOP_ANALYSIS = YES;
				CLANG_WARN_STRICT_PROTOTYPES = YES;
				CLANG_WARN_SUSPICIOUS_MOVE = YES;
				CLANG_WARN_UNGUARDED_AVAILABILITY = YES_AGGRESSIVE;
				CLANG_WARN_UNREACHABLE_CODE = YES;
				CLANG_WARN__DUPLICATE_METHOD_MATCH = YES;
				COPY_PHASE_STRIP = NO;
				DEBUG_INFORMATION_FORMAT = dwarf;
				ENABLE_STRICT_OBJC_MSGSEND = YES;
				ENABLE_TESTABILITY = YES;
				GCC_C_LANGUAGE_STANDARD = gnu11;
				GCC_DYNAMIC_NO_PIC = NO;
				GCC_NO_COMMON_BLOCKS = YES;
				GCC_OPTIMIZATION_LEVEL = 0;
				GCC_PREPROCESSOR_DEFINITIONS = (
					"DEBUG=1",
					"$(inherited)",
				);
				GCC_WARN_64_TO_32_BIT_CONVERSION = YES;
				GCC_WARN_ABOUT_RETURN_TYPE = YES_ERROR;
				GCC_WARN_UNDECLARED_SELECTOR = YES;
				GCC_WARN_UNINITIALIZED_AUTOS = YES_AGGRESSIVE;
				GCC_WARN_UNUSED_FUNCTION = YES;
				GCC_WARN_UNUSED_VARIABLE = YES;
				IPHONEOS_DEPLOYMENT_TARGET = 13.4;
				MTL_ENABLE_DEBUG_INFO = INCLUDE_SOURCE;
				MTL_FAST_MATH = YES;
				ONLY_ACTIVE_ARCH = YES;
				SDKROOT = iphoneos;
				SWIFT_ACTIVE_COMPILATION_CONDITIONS = DEBUG;
				SWIFT_OPTIMIZATION_LEVEL = "-Onone";
			};
			name = Debug;
		};
		5B67FFEC247EB2C8000F5668 /* Release */ = {
			isa = XCBuildConfiguration;
			buildSettings = {
				ALWAYS_SEARCH_USER_PATHS = NO;
				CLANG_ANALYZER_NONNULL = YES;
				CLANG_ANALYZER_NUMBER_OBJECT_CONVERSION = YES_AGGRESSIVE;
				CLANG_CXX_LANGUAGE_STANDARD = "gnu++14";
				CLANG_CXX_LIBRARY = "libc++";
				CLANG_ENABLE_MODULES = YES;
				CLANG_ENABLE_OBJC_ARC = YES;
				CLANG_ENABLE_OBJC_WEAK = YES;
				CLANG_WARN_BLOCK_CAPTURE_AUTORELEASING = YES;
				CLANG_WARN_BOOL_CONVERSION = YES;
				CLANG_WARN_COMMA = YES;
				CLANG_WARN_CONSTANT_CONVERSION = YES;
				CLANG_WARN_DEPRECATED_OBJC_IMPLEMENTATIONS = YES;
				CLANG_WARN_DIRECT_OBJC_ISA_USAGE = YES_ERROR;
				CLANG_WARN_DOCUMENTATION_COMMENTS = YES;
				CLANG_WARN_EMPTY_BODY = YES;
				CLANG_WARN_ENUM_CONVERSION = YES;
				CLANG_WARN_INFINITE_RECURSION = YES;
				CLANG_WARN_INT_CONVERSION = YES;
				CLANG_WARN_NON_LITERAL_NULL_CONVERSION = YES;
				CLANG_WARN_OBJC_IMPLICIT_RETAIN_SELF = YES;
				CLANG_WARN_OBJC_LITERAL_CONVERSION = YES;
				CLANG_WARN_OBJC_ROOT_CLASS = YES_ERROR;
				CLANG_WARN_RANGE_LOOP_ANALYSIS = YES;
				CLANG_WARN_STRICT_PROTOTYPES = YES;
				CLANG_WARN_SUSPICIOUS_MOVE = YES;
				CLANG_WARN_UNGUARDED_AVAILABILITY = YES_AGGRESSIVE;
				CLANG_WARN_UNREACHABLE_CODE = YES;
				CLANG_WARN__DUPLICATE_METHOD_MATCH = YES;
				COPY_PHASE_STRIP = NO;
				DEBUG_INFORMATION_FORMAT = "dwarf-with-dsym";
				ENABLE_NS_ASSERTIONS = NO;
				ENABLE_STRICT_OBJC_MSGSEND = YES;
				GCC_C_LANGUAGE_STANDARD = gnu11;
				GCC_NO_COMMON_BLOCKS = YES;
				GCC_WARN_64_TO_32_BIT_CONVERSION = YES;
				GCC_WARN_ABOUT_RETURN_TYPE = YES_ERROR;
				GCC_WARN_UNDECLARED_SELECTOR = YES;
				GCC_WARN_UNINITIALIZED_AUTOS = YES_AGGRESSIVE;
				GCC_WARN_UNUSED_FUNCTION = YES;
				GCC_WARN_UNUSED_VARIABLE = YES;
				IPHONEOS_DEPLOYMENT_TARGET = 13.4;
				MTL_ENABLE_DEBUG_INFO = NO;
				MTL_FAST_MATH = YES;
				SDKROOT = iphoneos;
				SWIFT_COMPILATION_MODE = wholemodule;
				SWIFT_OPTIMIZATION_LEVEL = "-O";
				VALIDATE_PRODUCT = YES;
			};
			name = Release;
		};
		5B67FFEE247EB2C8000F5668 /* Debug */ = {
			isa = XCBuildConfiguration;
			buildSettings = {
				ASSETCATALOG_COMPILER_APPICON_NAME = AppIcon;
				CODE_SIGN_STYLE = Automatic;
				DEVELOPMENT_TEAM = 5H589R53ZA;
				INFOPLIST_FILE = TableviewHorizontalScroll/Info.plist;
				LD_RUNPATH_SEARCH_PATHS = (
					"$(inherited)",
					"@executable_path/Frameworks",
				);
				PRODUCT_BUNDLE_IDENTIFIER = com.danielwijono.TableviewHorizontalScroll;
				PRODUCT_NAME = "$(TARGET_NAME)";
				SWIFT_VERSION = 5.0;
				TARGETED_DEVICE_FAMILY = "1,2";
			};
			name = Debug;
		};
		5B67FFEF247EB2C8000F5668 /* Release */ = {
			isa = XCBuildConfiguration;
			buildSettings = {
				ASSETCATALOG_COMPILER_APPICON_NAME = AppIcon;
				CODE_SIGN_STYLE = Automatic;
				DEVELOPMENT_TEAM = 5H589R53ZA;
				INFOPLIST_FILE = TableviewHorizontalScroll/Info.plist;
				LD_RUNPATH_SEARCH_PATHS = (
					"$(inherited)",
					"@executable_path/Frameworks",
				);
				PRODUCT_BUNDLE_IDENTIFIER = com.danielwijono.TableviewHorizontalScroll;
				PRODUCT_NAME = "$(TARGET_NAME)";
				SWIFT_VERSION = 5.0;
				TARGETED_DEVICE_FAMILY = "1,2";
			};
			name = Release;
		};
/* End XCBuildConfiguration section */

/* Begin XCConfigurationList section */
		5B67FFD4247EB2C2000F5668 /* Build configuration list for PBXProject "TableviewHorizontalScroll" */ = {
			isa = XCConfigurationList;
			buildConfigurations = (
				5B67FFEB247EB2C8000F5668 /* Debug */,
				5B67FFEC247EB2C8000F5668 /* Release */,
			);
			defaultConfigurationIsVisible = 0;
			defaultConfigurationName = Release;
		};
		5B67FFED247EB2C8000F5668 /* Build configuration list for PBXNativeTarget "TableviewHorizontalScroll" */ = {
			isa = XCConfigurationList;
			buildConfigurations = (
				5B67FFEE247EB2C8000F5668 /* Debug */,
				5B67FFEF247EB2C8000F5668 /* Release */,
			);
			defaultConfigurationIsVisible = 0;
			defaultConfigurationName = Release;
		};
/* End XCConfigurationList section */
	};
	rootObject = 5B67FFD1247EB2C2000F5668 /* Project object */;
}
